{
  "lockfile_version": "1",
  "packages": {
    "nodePackages.pnpm@latest": {
      "last_modified": "2024-06-26T05:30:43Z",
      "resolved": "github:NixOS/nixpkgs/b3f3c1b13fb08f3828442ee86630362e81136bbc#nodePackages.pnpm",
      "source": "devbox-search",
      "version": "9.3.0",
      "systems": {
        "aarch64-darwin": {
          "outputs": [
            {
              "name": "out",
              "path": "/nix/store/g2rnwxx2lrhshx7w8aghanc3y0mznnbg-pnpm-9.3.0",
              "default": true
            }
          ],
          "store_path": "/nix/store/g2rnwxx2lrhshx7w8aghanc3y0mznnbg-pnpm-9.3.0"
        },
        "aarch64-linux": {
          "outputs": [
            {
              "name": "out",
              "path": "/nix/store/ipnzflbc30xf7bfj7zswxcwp4yk89502-pnpm-9.3.0",
              "default": true
            }
          ],
          "store_path": "/nix/store/ipnzflbc30xf7bfj7zswxcwp4yk89502-pnpm-9.3.0"
        },
        "x86_64-darwin": {
          "outputs": [
            {
              "name": "out",
              "path": "/nix/store/0z47pn0raipavaqrq4gxarrz6dl53ns8-pnpm-9.3.0",
              "default": true
            }
          ],
          "store_path": "/nix/store/0z47pn0raipavaqrq4gxarrz6dl53ns8-pnpm-9.3.0"
        },
        "x86_64-linux": {
          "outputs": [
            {
              "name": "out",
              "path": "/nix/store/r0xwws8a6r6rnknsvgic1zgwf2p8kfkm-pnpm-9.3.0",
              "default": true
            }
          ],
          "store_path": "/nix/store/r0xwws8a6r6rnknsvgic1zgwf2p8kfkm-pnpm-9.3.0"
        }
      }
    },
    "nodejs@latest": {
      "last_modified": "2024-08-14T11:41:26Z",
      "plugin_version": "0.0.2",
      "resolved": "github:NixOS/nixpkgs/0cb2fd7c59fed0cd82ef858cbcbdb552b9a33465#nodejs_22",
      "source": "devbox-search",
      "version": "22.5.1",
      "systems": {
        "aarch64-darwin": {
          "outputs": [
            {
              "name": "out",
              "path": "/nix/store/vbbk37g24vayjad0jzi7jyf92rbadz7l-nodejs-22.5.1",
              "default": true
            },
            {
              "name": "libv8",
              "path": "/nix/store/yz4k4kg5spvnr5hfl0zam0180qmi82nk-nodejs-22.5.1-libv8"
            }
          ],
          "store_path": "/nix/store/vbbk37g24vayjad0jzi7jyf92rbadz7l-nodejs-22.5.1"
        },
        "aarch64-linux": {
          "outputs": [
            {
              "name": "out",
              "path": "/nix/store/85ngdpilv2mdhb8b5fmqzrbnkhin7jwn-nodejs-22.5.1",
              "default": true
            },
            {
              "name": "libv8",
              "path": "/nix/store/12a20901b329n3zj9b1a0c5swcm37yvy-nodejs-22.5.1-libv8"
            }
          ],
          "store_path": "/nix/store/85ngdpilv2mdhb8b5fmqzrbnkhin7jwn-nodejs-22.5.1"
        },
        "x86_64-darwin": {
          "outputs": [
            {
              "name": "out",
              "path": "/nix/store/nzjjzxmab6ph0s4dprqw1b6v9piancsi-nodejs-22.5.1",
              "default": true
            },
            {
              "name": "libv8",
              "path": "/nix/store/xnxcqr676ffb62gkz3nwh4zyiarla7hi-nodejs-22.5.1-libv8"
            }
          ],
          "store_path": "/nix/store/nzjjzxmab6ph0s4dprqw1b6v9piancsi-nodejs-22.5.1"
        },
        "x86_64-linux": {
          "outputs": [
            {
              "name": "out",
              "path": "/nix/store/kxy4210mqs50ribr9dj2y6r03mbmjifj-nodejs-22.5.1",
              "default": true
            },
            {
              "name": "libv8",
              "path": "/nix/store/ii07lzp5c0h21g1cm681bimak86np677-nodejs-22.5.1-libv8"
            }
          ],
          "store_path": "/nix/store/kxy4210mqs50ribr9dj2y6r03mbmjifj-nodejs-22.5.1"
        }
      }
    },
    "poetry@latest": {
      "last_modified": "2024-08-14T11:41:26Z",
      "plugin_version": "0.0.4",
      "resolved": "github:NixOS/nixpkgs/0cb2fd7c59fed0cd82ef858cbcbdb552b9a33465#poetry",
      "source": "devbox-search",
      "version": "1.8.3",
      "systems": {
        "aarch64-darwin": {
          "outputs": [
            {
              "name": "out",
              "path": "/nix/store/69q5h22zpdij5f6naipy562bs4br9dl0-python3.12-poetry-1.8.3",
              "default": true
            },
            {
              "name": "dist",
              "path": "/nix/store/gz66hrn4vv5g6p1w3y432phqc1ra0v9s-python3.12-poetry-1.8.3-dist"
            }
          ],
          "store_path": "/nix/store/69q5h22zpdij5f6naipy562bs4br9dl0-python3.12-poetry-1.8.3"
        },
        "aarch64-linux": {
          "outputs": [
            {
              "name": "out",
              "path": "/nix/store/l5gljbd3c5y87c8i6w9zc4f4ksvnfzl8-python3.12-poetry-1.8.3",
              "default": true
            },
            {
              "name": "dist",
              "path": "/nix/store/szfc7p784yhjylvxhxgaka5zv888rqd9-python3.12-poetry-1.8.3-dist"
            }
          ],
          "store_path": "/nix/store/l5gljbd3c5y87c8i6w9zc4f4ksvnfzl8-python3.12-poetry-1.8.3"
        },
        "x86_64-darwin": {
          "outputs": [
            {
              "name": "out",
              "path": "/nix/store/mygixpcrb360i9c9n0sn0bhqpglrgdy3-python3.12-poetry-1.8.3",
              "default": true
            },
            {
              "name": "dist",
              "path": "/nix/store/d981x3aqbwxscqdir8rqgkvd1dlhx6in-python3.12-poetry-1.8.3-dist"
            }
          ],
          "store_path": "/nix/store/mygixpcrb360i9c9n0sn0bhqpglrgdy3-python3.12-poetry-1.8.3"
        },
        "x86_64-linux": {
          "outputs": [
            {
              "name": "out",
              "path": "/nix/store/3gx85p4wkv2h2jmzxqvsz07vmqn0vjji-python3.12-poetry-1.8.3",
              "default": true
            },
            {
              "name": "dist",
              "path": "/nix/store/9chkp83q605jgw2xxmyq6gdk4kp9wks2-python3.12-poetry-1.8.3-dist"
            }
          ],
          "store_path": "/nix/store/3gx85p4wkv2h2jmzxqvsz07vmqn0vjji-python3.12-poetry-1.8.3"
        }
      }
    },
    "python@latest": {
      "last_modified": "2024-08-14T11:41:26Z",
      "plugin_version": "0.0.3",
      "resolved": "github:NixOS/nixpkgs/0cb2fd7c59fed0cd82ef858cbcbdb552b9a33465#python3",
      "source": "devbox-search",
      "version": "3.12.4",
      "systems": {
        "aarch64-darwin": {
          "outputs": [
            {
              "name": "out",
              "path": "/nix/store/xnm9sbp02pp2704dvx4kb8g0yxn263pn-python3-3.12.4",
              "default": true
            }
          ],
          "store_path": "/nix/store/xnm9sbp02pp2704dvx4kb8g0yxn263pn-python3-3.12.4"
        },
        "aarch64-linux": {
          "outputs": [
            {
              "name": "out",
              "path": "/nix/store/wviq85xs5awfp75mj5sjq9mn1nkqhq12-python3-3.12.4",
              "default": true
            },
            {
              "name": "debug",
              "path": "/nix/store/cglyj6nr5rcr0j9c36xqvybk5rj7hi6x-python3-3.12.4-debug"
            }
          ],
          "store_path": "/nix/store/wviq85xs5awfp75mj5sjq9mn1nkqhq12-python3-3.12.4"
        },
        "x86_64-darwin": {
          "outputs": [
            {
              "name": "out",
              "path": "/nix/store/dc7kp6g4s76jlfjhjdpibjfc8pglhlcs-python3-3.12.4",
              "default": true
            }
          ],
          "store_path": "/nix/store/dc7kp6g4s76jlfjhjdpibjfc8pglhlcs-python3-3.12.4"
        },
        "x86_64-linux": {
          "outputs": [
            {
              "name": "out",
              "path": "/nix/store/04gg5w1s662l329a8kh9xcwyp0k64v5a-python3-3.12.4",
              "default": true
            },
            {
              "name": "debug",
              "path": "/nix/store/w2ycb82p1q4xdpm2pzcqk7k58f89wv6l-python3-3.12.4-debug"
            }
          ],
          "store_path": "/nix/store/04gg5w1s662l329a8kh9xcwyp0k64v5a-python3-3.12.4"
        }
      }
    }
  }
}
